
Microsoft Visual Studio Solution File, Format Version 12.00
# Visual Studio Version 16
VisualStudioVersion = 16.0.32510.428
MinimumVisualStudioVersion = 10.0.40219.1
Project("{2150E333-8FDC-42A3-9474-1A3956D46DE8}") = "Patterns", "Patterns", "{718FE3A8-2084-45C3-8CA1-EE182BDA64F0}"
EndProject
Project("{2150E333-8FDC-42A3-9474-1A3956D46DE8}") = "Factory_Rip_LazyLoading", "Factory_Rip_LazyLoading", "{70BDC194-94C2-4619-A798-FFB51B0BAA53}"
EndProject
Project("{FAE04EC0-301F-11D3-BF4B-00C04F79EFBC}") = "CustomerProjectPhase1", "Patterns\Factory_Rip_LazyLoading\CustomerProjectPhase1\CustomerProjectPhase1.csproj", "{AB9FABBC-A23F-4427-9A60-97A28AD0A84F}"
EndProject
Global
	GlobalSection(SolutionConfigurationPlatforms) = preSolution
		Debug|Any CPU = Debug|Any CPU
		Release|Any CPU = Release|Any CPU
	EndGlobalSection
	GlobalSection(ProjectConfigurationPlatforms) = postSolution
		{AB9FABBC-A23F-4427-9A60-97A28AD0A84F}.Debug|Any CPU.ActiveCfg = Debug|Any CPU
		{AB9FABBC-A23F-4427-9A60-97A28AD0A84F}.Debug|Any CPU.Build.0 = Debug|Any CPU
		{AB9FABBC-A23F-4427-9A60-97A28AD0A84F}.Release|Any CPU.ActiveCfg = Release|Any CPU
		{AB9FABBC-A23F-4427-9A60-97A28AD0A84F}.Release|Any CPU.Build.0 = Release|Any CPU
	EndGlobalSection
	GlobalSection(SolutionProperties) = preSolution
		HideSolutionNode = FALSE
	EndGlobalSection
	GlobalSection(NestedProjects) = preSolution
		{70BDC194-94C2-4619-A798-FFB51B0BAA53} = {718FE3A8-2084-45C3-8CA1-EE182BDA64F0}
		{AB9FABBC-A23F-4427-9A60-97A28AD0A84F} = {70BDC194-94C2-4619-A798-FFB51B0BAA53}
	EndGlobalSection
	GlobalSection(ExtensibilityGlobals) = postSolution
		SolutionGuid = {8B56C9F8-94ED-4836-BA43-E2DCE99FF991}
	EndGlobalSection
EndGlobal
